
Microsoft Visual Studio Solution File, Format Version 12.00
# Visual Studio Version 16
VisualStudioVersion = 25.0.1700.0
MinimumVisualStudioVersion = 10.0.40219.1
Project("{FAE04EC0-301F-11D3-BF4B-00C04F79EFBC}") = "Forensic-USB", "Forensic-USB\Forensic-USB.csproj", "{475CECC0-AD47-453A-9985-2947B99108E5}"
EndProject
Global
	GlobalSection(SolutionConfigurationPlatforms) = preSolution
		Debug|Any CPU = Debug|Any CPU
		Release|Any CPU = Release|Any CPU
	EndGlobalSection
	GlobalSection(ProjectConfigurationPlatforms) = postSolution
		{475CECC0-AD47-453A-9985-2947B99108E5}.Debug|Any CPU.ActiveCfg = Debug|Any CPU
		{475CECC0-AD47-453A-9985-2947B99108E5}.Debug|Any CPU.Build.0 = Debug|Any CPU
		{475CECC0-AD47-453A-9985-2947B99108E5}.Release|Any CPU.ActiveCfg = Release|Any CPU
		{475CECC0-AD47-453A-9985-2947B99108E5}.Release|Any CPU.Build.0 = Release|Any CPU
	EndGlobalSection
	GlobalSection(SolutionProperties) = preSolution
		HideSolutionNode = FALSE
	EndGlobalSection
	GlobalSection(ExtensibilityGlobals) = postSolution
		SolutionGuid = {14D417A2-277D-4B75-830C-482702B28684}
	EndGlobalSection
EndGlobal
